
Microsoft Visual Studio Solution File, Format Version 12.00
# Visual Studio Version 16
VisualStudioVersion = 16.0.29806.167
MinimumVisualStudioVersion = 10.0.40219.1
Project("{FAE04EC0-301F-11D3-BF4B-00C04F79EFBC}") = "lab3_CH20", "lab3_CH20.csproj", "{7C6A7153-723C-4485-A13A-F05E7828EB8C}"
EndProject
Global
	GlobalSection(SolutionConfigurationPlatforms) = preSolution
		Debug|Any CPU = Debug|Any CPU
		Release|Any CPU = Release|Any CPU
	EndGlobalSection
	GlobalSection(ProjectConfigurationPlatforms) = postSolution
		{7C6A7153-723C-4485-A13A-F05E7828EB8C}.Debug|Any CPU.ActiveCfg = Debug|Any CPU
		{7C6A7153-723C-4485-A13A-F05E7828EB8C}.Debug|Any CPU.Build.0 = Debug|Any CPU
		{7C6A7153-723C-4485-A13A-F05E7828EB8C}.Release|Any CPU.ActiveCfg = Release|Any CPU
		{7C6A7153-723C-4485-A13A-F05E7828EB8C}.Release|Any CPU.Build.0 = Release|Any CPU
	EndGlobalSection
	GlobalSection(SolutionProperties) = preSolution
		HideSolutionNode = FALSE
	EndGlobalSection
	GlobalSection(ExtensibilityGlobals) = postSolution
		SolutionGuid = {12F7BC2D-8763-4DA0-BC42-C99ED621138B}
	EndGlobalSection
EndGlobal
